
Microsoft Visual Studio Solution File, Format Version 12.00
# Visual Studio 15
VisualStudioVersion = 15.0.27703.1
MinimumVisualStudioVersion = 10.0.40219.1
Project("{FAE04EC0-301F-11D3-BF4B-00C04F79EFBC}") = "graph-editor", "graph-editor.csproj", "{950DD762-9C84-48FA-89A5-3BE9021B9288}"
EndProject
Global
	GlobalSection(SolutionConfigurationPlatforms) = preSolution
		Debug|Any CPU = Debug|Any CPU
		Release|Any CPU = Release|Any CPU
	EndGlobalSection
	GlobalSection(ProjectConfigurationPlatforms) = postSolution
		{950DD762-9C84-48FA-89A5-3BE9021B9288}.Debug|Any CPU.ActiveCfg = Debug|Any CPU
		{950DD762-9C84-48FA-89A5-3BE9021B9288}.Debug|Any CPU.Build.0 = Debug|Any CPU
		{950DD762-9C84-48FA-89A5-3BE9021B9288}.Release|Any CPU.ActiveCfg = Release|Any CPU
		{950DD762-9C84-48FA-89A5-3BE9021B9288}.Release|Any CPU.Build.0 = Release|Any CPU
	EndGlobalSection
	GlobalSection(SolutionProperties) = preSolution
		HideSolutionNode = FALSE
	EndGlobalSection
	GlobalSection(ExtensibilityGlobals) = postSolution
		SolutionGuid = {A416C823-3012-4EAB-AB69-05CDFAB05A98}
	EndGlobalSection
EndGlobal
